Microsoft Visual Studio Solution File, Format Version 11.00
# Visual Studio 2008

Project("{98445D14-3AE1-BABA-3B6E-9F9DFA578FFD}") = "Snake Main", "Assembly-CSharp-firstpass-vs.csproj", "{5736EDDF-DD1B-0F6A-CEAB-B0BD3E4E1F28}"
EndProject
Project("{98445D14-3AE1-BABA-3B6E-9F9DFA578FFD}") = "Snake Main", "Assembly-CSharp-vs.csproj", "{658C74D7-2685-89B1-DCC7-4E3898CA6C0B}"
EndProject
Project("{98445D14-3AE1-BABA-3B6E-9F9DFA578FFD}") = "Snake Main", "Assembly-CSharp-Editor-vs.csproj", "{5E3741BD-B388-FBF4-2BB8-51FB3781A203}"
EndProject
Global
	GlobalSection(SolutionConfigurationPlatforms) = preSolution
		Debug|Any CPU = Debug|Any CPU
		Release|Any CPU = Release|Any CPU
	EndGlobalSection
	GlobalSection(ProjectConfigurationPlatforms) = postSolution
		{5736EDDF-DD1B-0F6A-CEAB-B0BD3E4E1F28}.Debug|Any CPU.ActiveCfg = Debug|Any CPU
		{5736EDDF-DD1B-0F6A-CEAB-B0BD3E4E1F28}.Debug|Any CPU.Build.0 = Debug|Any CPU
		{5736EDDF-DD1B-0F6A-CEAB-B0BD3E4E1F28}.Release|Any CPU.ActiveCfg = Release|Any CPU
		{5736EDDF-DD1B-0F6A-CEAB-B0BD3E4E1F28}.Release|Any CPU.Build.0 = Release|Any CPU
		{658C74D7-2685-89B1-DCC7-4E3898CA6C0B}.Debug|Any CPU.ActiveCfg = Debug|Any CPU
		{658C74D7-2685-89B1-DCC7-4E3898CA6C0B}.Debug|Any CPU.Build.0 = Debug|Any CPU
		{658C74D7-2685-89B1-DCC7-4E3898CA6C0B}.Release|Any CPU.ActiveCfg = Release|Any CPU
		{658C74D7-2685-89B1-DCC7-4E3898CA6C0B}.Release|Any CPU.Build.0 = Release|Any CPU
		{5E3741BD-B388-FBF4-2BB8-51FB3781A203}.Debug|Any CPU.ActiveCfg = Debug|Any CPU
		{5E3741BD-B388-FBF4-2BB8-51FB3781A203}.Debug|Any CPU.Build.0 = Debug|Any CPU
		{5E3741BD-B388-FBF4-2BB8-51FB3781A203}.Release|Any CPU.ActiveCfg = Release|Any CPU
		{5E3741BD-B388-FBF4-2BB8-51FB3781A203}.Release|Any CPU.Build.0 = Release|Any CPU
	EndGlobalSection
	GlobalSection(SolutionProperties) = preSolution
		HideSolutionNode = FALSE
	EndGlobalSection
																																																																																																					GlobalSection(MonoDevelopProperties) = preSolution
		StartupItem = Assembly-CSharp.csproj
		Policies = $0
		$0.TextStylePolicy = $1
		$1.inheritsSet = null
		$1.scope = text/x-csharp
		$0.CSharpFormattingPolicy = $2
		$2.inheritsSet = Mono
		$2.inheritsScope = text/x-csharp
		$2.scope = text/x-csharp
		$0.TextStylePolicy = $3
		$3.FileWidth = 120
		$3.TabWidth = 4
		$3.EolMarker = Unix
		$3.inheritsSet = Mono
		$3.inheritsScope = text/plain
		$3.scope = text/plain
	EndGlobalSection

EndGlobal
