Microsoft Visual Studio Solution File, Format Version 11.00
# Visual Studio 2008

Project("{40368298-84B7-0EBB-EBB0-4ECAC33326BB}") = "Space Snake 2014", "Assembly-CSharp-firstpass-vs.csproj", "{D2E9F92C-8C64-1B25-E572-27D9084E2C60}"
EndProject
Project("{40368298-84B7-0EBB-EBB0-4ECAC33326BB}") = "Space Snake 2014", "Assembly-CSharp-vs.csproj", "{C271D69F-F403-18B3-35CE-358FB6AC38B7}"
EndProject
Project("{40368298-84B7-0EBB-EBB0-4ECAC33326BB}") = "Space Snake 2014", "Assembly-CSharp-Editor-vs.csproj", "{A7119958-E38F-FEAA-21F6-434863412BCC}"
EndProject
Global
	GlobalSection(SolutionConfigurationPlatforms) = preSolution
		Debug|Any CPU = Debug|Any CPU
		Release|Any CPU = Release|Any CPU
	EndGlobalSection
	GlobalSection(ProjectConfigurationPlatforms) = postSolution
		{D2E9F92C-8C64-1B25-E572-27D9084E2C60}.Debug|Any CPU.ActiveCfg = Debug|Any CPU
		{D2E9F92C-8C64-1B25-E572-27D9084E2C60}.Debug|Any CPU.Build.0 = Debug|Any CPU
		{D2E9F92C-8C64-1B25-E572-27D9084E2C60}.Release|Any CPU.ActiveCfg = Release|Any CPU
		{D2E9F92C-8C64-1B25-E572-27D9084E2C60}.Release|Any CPU.Build.0 = Release|Any CPU
		{C271D69F-F403-18B3-35CE-358FB6AC38B7}.Debug|Any CPU.ActiveCfg = Debug|Any CPU
		{C271D69F-F403-18B3-35CE-358FB6AC38B7}.Debug|Any CPU.Build.0 = Debug|Any CPU
		{C271D69F-F403-18B3-35CE-358FB6AC38B7}.Release|Any CPU.ActiveCfg = Release|Any CPU
		{C271D69F-F403-18B3-35CE-358FB6AC38B7}.Release|Any CPU.Build.0 = Release|Any CPU
		{A7119958-E38F-FEAA-21F6-434863412BCC}.Debug|Any CPU.ActiveCfg = Debug|Any CPU
		{A7119958-E38F-FEAA-21F6-434863412BCC}.Debug|Any CPU.Build.0 = Debug|Any CPU
		{A7119958-E38F-FEAA-21F6-434863412BCC}.Release|Any CPU.ActiveCfg = Release|Any CPU
		{A7119958-E38F-FEAA-21F6-434863412BCC}.Release|Any CPU.Build.0 = Release|Any CPU
	EndGlobalSection
	GlobalSection(SolutionProperties) = preSolution
		HideSolutionNode = FALSE
	EndGlobalSection
																				GlobalSection(MonoDevelopProperties) = preSolution
		StartupItem = Assembly-CSharp.csproj
		Policies = $0
		$0.TextStylePolicy = $1
		$1.inheritsSet = null
		$1.scope = text/x-csharp
		$0.CSharpFormattingPolicy = $2
		$2.inheritsSet = Mono
		$2.inheritsScope = text/x-csharp
		$2.scope = text/x-csharp
		$0.TextStylePolicy = $3
		$3.FileWidth = 120
		$3.TabWidth = 4
		$3.EolMarker = Unix
		$3.inheritsSet = Mono
		$3.inheritsScope = text/plain
		$3.scope = text/plain
	EndGlobalSection

EndGlobal
